{
  "name": "reflectos",
  "version": "0.1.0",
  "lockfileVersion": 1,
  "requires": true,
  "dependencies": {
    "@drartemi/mcjs": {
      "version": "1.0.3",
      "resolved": "https://registry.npmjs.org/@drartemi/mcjs/-/mcjs-1.0.3.tgz",
      "integrity": "sha512-ymVNk1vb3/lyoNYoiShhKbWyMoa5tzXQBss3W3kPF0rnIiISkEFGvbrMJu56jwUMC/vLbk7ng+LPofJfA3JQxA==",
      "dev": true
    }
  }
}
